
Microsoft Visual Studio Solution File, Format Version 12.00
# Visual Studio Version 17
VisualStudioVersion = 17.4.33122.133
MinimumVisualStudioVersion = 10.0.40219.1
Project("{FAE04EC0-301F-11D3-BF4B-00C04F79EFBC}") = "ConsoleAppConsumirAPI", "ConsoleAppConsumirAPI.csproj", "{5C04B9B4-8E9C-4AF5-A877-9F09629D4FCB}"
EndProject
Global
	GlobalSection(SolutionConfigurationPlatforms) = preSolution
		Debug|Any CPU = Debug|Any CPU
		Release|Any CPU = Release|Any CPU
	EndGlobalSection
	GlobalSection(ProjectConfigurationPlatforms) = postSolution
		{5C04B9B4-8E9C-4AF5-A877-9F09629D4FCB}.Debug|Any CPU.ActiveCfg = Debug|Any CPU
		{5C04B9B4-8E9C-4AF5-A877-9F09629D4FCB}.Debug|Any CPU.Build.0 = Debug|Any CPU
		{5C04B9B4-8E9C-4AF5-A877-9F09629D4FCB}.Release|Any CPU.ActiveCfg = Release|Any CPU
		{5C04B9B4-8E9C-4AF5-A877-9F09629D4FCB}.Release|Any CPU.Build.0 = Release|Any CPU
	EndGlobalSection
	GlobalSection(SolutionProperties) = preSolution
		HideSolutionNode = FALSE
	EndGlobalSection
	GlobalSection(ExtensibilityGlobals) = postSolution
		SolutionGuid = {7523FE5E-7EA9-4B0F-ACD5-BA5CEAB194E0}
	EndGlobalSection
EndGlobal
