
Microsoft Visual Studio Solution File, Format Version 12.00
# Visual Studio Version 17
VisualStudioVersion = 17.3.32901.215
MinimumVisualStudioVersion = 10.0.40219.1
Project("{9A19103F-16F7-4668-BE54-9A1E7A4F7556}") = "ExemploBasicoWinForms", "ExemploBasicoWinForms\ExemploBasicoWinForms.csproj", "{B3D2DC47-D49C-47C3-97AB-479B11561404}"
EndProject
Project("{FAE04EC0-301F-11D3-BF4B-00C04F79EFBC}") = "ExemploBasicoLabelTextButton", "ExemploBasicoLabelTextButton\ExemploBasicoLabelTextButton.csproj", "{D0832864-158A-4FAB-B7FB-C8B91A9E3635}"
EndProject
Global
	GlobalSection(SolutionConfigurationPlatforms) = preSolution
		Debug|Any CPU = Debug|Any CPU
		Release|Any CPU = Release|Any CPU
	EndGlobalSection
	GlobalSection(ProjectConfigurationPlatforms) = postSolution
		{B3D2DC47-D49C-47C3-97AB-479B11561404}.Debug|Any CPU.ActiveCfg = Debug|Any CPU
		{B3D2DC47-D49C-47C3-97AB-479B11561404}.Debug|Any CPU.Build.0 = Debug|Any CPU
		{B3D2DC47-D49C-47C3-97AB-479B11561404}.Release|Any CPU.ActiveCfg = Release|Any CPU
		{B3D2DC47-D49C-47C3-97AB-479B11561404}.Release|Any CPU.Build.0 = Release|Any CPU
		{D0832864-158A-4FAB-B7FB-C8B91A9E3635}.Debug|Any CPU.ActiveCfg = Debug|Any CPU
		{D0832864-158A-4FAB-B7FB-C8B91A9E3635}.Debug|Any CPU.Build.0 = Debug|Any CPU
		{D0832864-158A-4FAB-B7FB-C8B91A9E3635}.Release|Any CPU.ActiveCfg = Release|Any CPU
		{D0832864-158A-4FAB-B7FB-C8B91A9E3635}.Release|Any CPU.Build.0 = Release|Any CPU
	EndGlobalSection
	GlobalSection(SolutionProperties) = preSolution
		HideSolutionNode = FALSE
	EndGlobalSection
	GlobalSection(ExtensibilityGlobals) = postSolution
		SolutionGuid = {DAA6A2C2-BAE5-4983-8919-0D1AE014A92F}
	EndGlobalSection
EndGlobal
